
Microsoft Visual Studio Solution File, Format Version 12.00
# Visual Studio 15
VisualStudioVersion = 15.0.27428.2043
MinimumVisualStudioVersion = 10.0.40219.1
Project("{FAE04EC0-301F-11D3-BF4B-00C04F79EFBC}") = "fizzbuzz", "fizzbuzz\fizzbuzz.csproj", "{F8681953-F499-426A-B0AF-A57A7EC89C8D}"
EndProject
Global
	GlobalSection(SolutionConfigurationPlatforms) = preSolution
		Debug|Any CPU = Debug|Any CPU
		Release|Any CPU = Release|Any CPU
	EndGlobalSection
	GlobalSection(ProjectConfigurationPlatforms) = postSolution
		{F8681953-F499-426A-B0AF-A57A7EC89C8D}.Debug|Any CPU.ActiveCfg = Debug|Any CPU
		{F8681953-F499-426A-B0AF-A57A7EC89C8D}.Debug|Any CPU.Build.0 = Debug|Any CPU
		{F8681953-F499-426A-B0AF-A57A7EC89C8D}.Release|Any CPU.ActiveCfg = Release|Any CPU
		{F8681953-F499-426A-B0AF-A57A7EC89C8D}.Release|Any CPU.Build.0 = Release|Any CPU
	EndGlobalSection
	GlobalSection(SolutionProperties) = preSolution
		HideSolutionNode = FALSE
	EndGlobalSection
	GlobalSection(ExtensibilityGlobals) = postSolution
		SolutionGuid = {88E0757E-3AA9-4182-9ACF-A8B5F3B3803B}
	EndGlobalSection
EndGlobal
